
Microsoft Visual Studio Solution File, Format Version 12.00
# Visual Studio Version 17
VisualStudioVersion = 17.7.34221.43
MinimumVisualStudioVersion = 10.0.40219.1
Project("{FAE04EC0-301F-11D3-BF4B-00C04F79EFBC}") = "SchoolLib", "SchoolLib\SchoolLib.csproj", "{4D54A12F-F4E4-4703-92D5-E62EEA72D441}"
EndProject
Project("{FAE04EC0-301F-11D3-BF4B-00C04F79EFBC}") = "SchoolDataTest", "SchoolDataTest\SchoolDataTest.csproj", "{F133EE2C-912E-4BE5-A43B-83203D279C42}"
EndProject
Global
	GlobalSection(SolutionConfigurationPlatforms) = preSolution
		Debug|Any CPU = Debug|Any CPU
		Release|Any CPU = Release|Any CPU
	EndGlobalSection
	GlobalSection(ProjectConfigurationPlatforms) = postSolution
		{4D54A12F-F4E4-4703-92D5-E62EEA72D441}.Debug|Any CPU.ActiveCfg = Debug|Any CPU
		{4D54A12F-F4E4-4703-92D5-E62EEA72D441}.Debug|Any CPU.Build.0 = Debug|Any CPU
		{4D54A12F-F4E4-4703-92D5-E62EEA72D441}.Release|Any CPU.ActiveCfg = Release|Any CPU
		{4D54A12F-F4E4-4703-92D5-E62EEA72D441}.Release|Any CPU.Build.0 = Release|Any CPU
		{F133EE2C-912E-4BE5-A43B-83203D279C42}.Debug|Any CPU.ActiveCfg = Debug|Any CPU
		{F133EE2C-912E-4BE5-A43B-83203D279C42}.Debug|Any CPU.Build.0 = Debug|Any CPU
		{F133EE2C-912E-4BE5-A43B-83203D279C42}.Release|Any CPU.ActiveCfg = Release|Any CPU
		{F133EE2C-912E-4BE5-A43B-83203D279C42}.Release|Any CPU.Build.0 = Release|Any CPU
	EndGlobalSection
	GlobalSection(SolutionProperties) = preSolution
		HideSolutionNode = FALSE
	EndGlobalSection
	GlobalSection(ExtensibilityGlobals) = postSolution
		SolutionGuid = {E505EF7D-278D-42A9-858C-8DAF0738E8D4}
	EndGlobalSection
EndGlobal
